<?xml version="1.0" encoding="utf-8"?>
<Project ToolsVersion="4.0" xmlns="http://schemas.microsoft.com/developer/msbuild/2003">
  <ItemGroup>
    <Filter Include="Source Files">
      <UniqueIdentifier>{4FC737F1-C7A5-4376-A066-2A32D752A2FF}</UniqueIdentifier>
      <Extensions>cpp;c;cc;cxx;def;odl;idl;hpj;bat;asm;asmx</Extensions>
    </Filter>
    <Filter Include="Header Files">
      <UniqueIdentifier>{93995380-89BD-4b04-88EB-625FBE52EBFB}</UniqueIdentifier>
      <Extensions>h;hpp;hxx;hm;inl;inc;xsd</Extensions>
    </Filter>
    <Filter Include="Resource Files">
      <UniqueIdentifier>{67DA6AB6-F800-4c08-8B7A-83BB121AAD01}</UniqueIdentifier>
      <Extensions>rc;ico;cur;bmp;dlg;rc2;rct;bin;rgs;gif;jpg;jpeg;jpe;resx;tiff;tif;png;wav;mfcribbon-ms</Extensions>
    </Filter>
    <Filter Include="Header Files\States">
      <UniqueIdentifier>{13fc68c1-ca7d-4487-b78b-de90cafb3b5f}</UniqueIdentifier>
    </Filter>
    <Filter Include="Source Files\States">
      <UniqueIdentifier>{0353036c-1466-4715-a24e-e360a3baaefc}</UniqueIdentifier>
    </Filter>
    <Filter Include="Header Files\Physics">
      <UniqueIdentifier>{7195d47e-5f86-4dff-8c4b-558bf98d957f}</UniqueIdentifier>
    </Filter>
    <Filter Include="Header Files\Additional">
      <UniqueIdentifier>{b8882d45-f7e4-483b-981f-ed8c674e18d2}</UniqueIdentifier>
    </Filter>
    <Filter Include="Source Files\Physics">
      <UniqueIdentifier>{1e4704c8-6373-4827-8d9d-8e92631b241e}</UniqueIdentifier>
    </Filter>
    <Filter Include="Source Files\Additional">
      <UniqueIdentifier>{f99c8250-aba4-4464-9ee9-cb99793e81a9}</UniqueIdentifier>
    </Filter>
    <Filter Include="Header Files\GameLogic">
      <UniqueIdentifier>{8a4f1064-5afa-489d-a3b2-cf5b7f9ce836}</UniqueIdentifier>
    </Filter>
    <Filter Include="Source Files\GameLogic">
      <UniqueIdentifier>{ecaed73e-96a7-4998-8e6f-e6b9ba541490}</UniqueIdentifier>
    </Filter>
    <Filter Include="Header Files\GUI">
      <UniqueIdentifier>{dd25b583-a854-4a1f-890c-5584d898f896}</UniqueIdentifier>
    </Filter>
    <Filter Include="Source Files\GUI">
      <UniqueIdentifier>{f5fa23fa-c08e-4318-8b2a-d56d0a5d612e}</UniqueIdentifier>
    </Filter>
    <Filter Include="Header Files\XML">
      <UniqueIdentifier>{599f3079-c384-46d8-a49e-a16106f960c2}</UniqueIdentifier>
    </Filter>
    <Filter Include="Source Files\XML">
      <UniqueIdentifier>{55022660-a0e4-4626-8e21-72bb2513a519}</UniqueIdentifier>
    </Filter>
  </ItemGroup>
  <ItemGroup>
    <ClCompile Include="..\main.cpp">
      <Filter>Source Files</Filter>
    </ClCompile>
    <ClCompile Include="..\GameEngine.cpp">
      <Filter>Source Files\States</Filter>
    </ClCompile>
    <ClCompile Include="..\EndState.cpp">
      <Filter>Source Files\States</Filter>
    </ClCompile>
    <ClCompile Include="..\PauseState.cpp">
      <Filter>Source Files\States</Filter>
    </ClCompile>
    <ClCompile Include="..\MenuState.cpp">
      <Filter>Source Files\States</Filter>
    </ClCompile>
    <ClCompile Include="..\PlayState.cpp">
      <Filter>Source Files\States</Filter>
    </ClCompile>
    <ClCompile Include="..\Game.cpp">
      <Filter>Source Files\GameLogic</Filter>
    </ClCompile>
    <ClCompile Include="..\GamePhysics.cpp">
      <Filter>Source Files\Physics</Filter>
    </ClCompile>
    <ClCompile Include="..\GameObject.cpp">
      <Filter>Source Files\Additional</Filter>
    </ClCompile>
    <ClCompile Include="..\IRound.cpp">
      <Filter>Source Files\GameLogic</Filter>
    </ClCompile>
    <ClCompile Include="..\IThrow.cpp">
      <Filter>Source Files\GameLogic</Filter>
    </ClCompile>
    <ClCompile Include="..\IRoundHandler.cpp">
      <Filter>Source Files\GameLogic</Filter>
    </ClCompile>
    <ClCompile Include="..\GUICharacter.cpp">
      <Filter>Source Files\GUI</Filter>
    </ClCompile>
    <ClCompile Include="..\GUIManager.cpp">
      <Filter>Source Files\GUI</Filter>
    </ClCompile>
    <ClCompile Include="..\GUIText.cpp">
      <Filter>Source Files\GUI</Filter>
    </ClCompile>
    <ClCompile Include="..\GUISprite.cpp">
      <Filter>Source Files\GUI</Filter>
    </ClCompile>
    <ClCompile Include="..\XMLTranscoder.cpp">
      <Filter>Source Files\XML</Filter>
    </ClCompile>
    <ClCompile Include="..\tinyxml2.cpp">
      <Filter>Source Files\XML</Filter>
    </ClCompile>
  </ItemGroup>
  <ItemGroup>
    <ClInclude Include="..\GameEngine.h">
      <Filter>Header Files\States</Filter>
    </ClInclude>
    <ClInclude Include="..\GameState.h">
      <Filter>Header Files\States</Filter>
    </ClInclude>
    <ClInclude Include="..\MenuState.h">
      <Filter>Header Files\States</Filter>
    </ClInclude>
    <ClInclude Include="..\PauseState.h">
      <Filter>Header Files\States</Filter>
    </ClInclude>
    <ClInclude Include="..\PlayState.h">
      <Filter>Header Files\States</Filter>
    </ClInclude>
    <ClInclude Include="..\GamePhysics.h">
      <Filter>Header Files\Physics</Filter>
    </ClInclude>
    <ClInclude Include="..\PhysicsHelper.h">
      <Filter>Header Files\Physics</Filter>
    </ClInclude>
    <ClInclude Include="..\EndState.h">
      <Filter>Header Files\States</Filter>
    </ClInclude>
    <ClInclude Include="..\DXMotionState.h">
      <Filter>Header Files\Additional</Filter>
    </ClInclude>
    <ClInclude Include="..\Singleton.h">
      <Filter>Header Files\Additional</Filter>
    </ClInclude>
    <ClInclude Include="..\GameObject.h">
      <Filter>Header Files\Additional</Filter>
    </ClInclude>
    <ClInclude Include="..\Game.h">
      <Filter>Header Files\GameLogic</Filter>
    </ClInclude>
    <ClInclude Include="..\IRound.h">
      <Filter>Header Files\GameLogic</Filter>
    </ClInclude>
    <ClInclude Include="..\IPlayer.h">
      <Filter>Header Files\GameLogic</Filter>
    </ClInclude>
    <ClInclude Include="..\IThrow.h">
      <Filter>Header Files\GameLogic</Filter>
    </ClInclude>
    <ClInclude Include="..\IRoundHandler.h">
      <Filter>Header Files\GameLogic</Filter>
    </ClInclude>
    <ClInclude Include="..\GUICharacter.h">
      <Filter>Header Files\GUI</Filter>
    </ClInclude>
    <ClInclude Include="..\GUIComponent.h">
      <Filter>Header Files\GUI</Filter>
    </ClInclude>
    <ClInclude Include="..\GUIText.h">
      <Filter>Header Files\GUI</Filter>
    </ClInclude>
    <ClInclude Include="..\GUIManager.h">
      <Filter>Header Files\GUI</Filter>
    </ClInclude>
    <ClInclude Include="..\GUISprite.h">
      <Filter>Header Files\GUI</Filter>
    </ClInclude>
    <ClInclude Include="..\tinyxml2.h">
      <Filter>Header Files\XML</Filter>
    </ClInclude>
    <ClInclude Include="..\XMLTranscoder.h">
      <Filter>Header Files\XML</Filter>
    </ClInclude>
  </ItemGroup>
</Project>