
Microsoft Visual Studio Solution File, Format Version 11.00
# Visual Studio 2010
Project("{8BC9CEB8-8B4A-11D0-8D11-00A0C91BC942}") = "3d", "3d.vcxproj", "{62E3B213-3085-4591-88E9-1E820EDB26F1}"
EndProject
Project("{8BC9CEB8-8B4A-11D0-8D11-00A0C91BC942}") = "channel_groups", "channel_groups.vcxproj", "{63DAA36B-C417-48E1-B6D4-FFCD92E7952F}"
EndProject
Project("{8BC9CEB8-8B4A-11D0-8D11-00A0C91BC942}") = "dsp_custom", "dsp_custom.vcxproj", "{A789EB5D-B39A-4BEA-8AE7-B14FDF489A56}"
EndProject
Project("{8BC9CEB8-8B4A-11D0-8D11-00A0C91BC942}") = "dsp_effect_per_speaker", "dsp_effect_per_speaker.vcxproj", "{73CEDA08-1A51-472F-BC7C-F2A50FDB28C4}"
EndProject
Project("{8BC9CEB8-8B4A-11D0-8D11-00A0C91BC942}") = "effects", "effects.vcxproj", "{F4D3140B-26B1-404A-BDB5-216584D556C4}"
EndProject
Project("{8BC9CEB8-8B4A-11D0-8D11-00A0C91BC942}") = "generate_tone", "generate_tone.vcxproj", "{CEC1D287-A2DF-4AA6-B310-FDD3A8A8F238}"
EndProject
Project("{8BC9CEB8-8B4A-11D0-8D11-00A0C91BC942}") = "granular_synth", "granular_synth.vcxproj", "{558F2DCD-9E1C-429F-A73C-34AA5ED32469}"
EndProject
Project("{8BC9CEB8-8B4A-11D0-8D11-00A0C91BC942}") = "load_from_memory", "load_from_memory.vcxproj", "{2769A50A-4A06-42AA-AF2F-58C036E57D89}"
EndProject
Project("{8BC9CEB8-8B4A-11D0-8D11-00A0C91BC942}") = "multiple_speaker", "multiple_speaker.vcxproj", "{E164B118-85C1-4B35-A478-0A73E5E9325E}"
EndProject
Project("{8BC9CEB8-8B4A-11D0-8D11-00A0C91BC942}") = "multiple_system", "multiple_system.vcxproj", "{AA094FCD-EDD3-4D1B-9238-E93808E02290}"
EndProject
Project("{8BC9CEB8-8B4A-11D0-8D11-00A0C91BC942}") = "play_sound", "play_sound.vcxproj", "{2D210AE3-E3B5-4FA8-ACC2-90DB3C4E996C}"
EndProject
Project("{8BC9CEB8-8B4A-11D0-8D11-00A0C91BC942}") = "play_stream", "play_stream.vcxproj", "{949CFDF4-3922-4DD1-A326-A48C52E2B497}"
EndProject
Project("{8BC9CEB8-8B4A-11D0-8D11-00A0C91BC942}") = "record", "record.vcxproj", "{96409674-667E-413E-B81E-17130686171B}"
EndProject
Project("{8BC9CEB8-8B4A-11D0-8D11-00A0C91BC942}") = "user_created_sound", "user_created_sound.vcxproj", "{261D92A2-F829-4D0A-AEC0-1F83DC15615E}"
EndProject
Project("{8BC9CEB8-8B4A-11D0-8D11-00A0C91BC942}") = "fmod_distance_filter", "fmod_distance_filter.vcxproj", "{72836BA1-ACC3-485F-9084-34284ED8730E}"
EndProject
Project("{8BC9CEB8-8B4A-11D0-8D11-00A0C91BC942}") = "fmod_gain", "fmod_gain.vcxproj", "{F8F054B6-62C8-4327-B0C8-6045FC787318}"
EndProject
Global
	GlobalSection(SolutionConfigurationPlatforms) = preSolution
		Debug|Win32 = Debug|Win32
		Debug|x64 = Debug|x64
		Release|Win32 = Release|Win32
		Release|x64 = Release|x64
	EndGlobalSection
	GlobalSection(ProjectConfigurationPlatforms) = postSolution
		{62E3B213-3085-4591-88E9-1E820EDB26F1}.Debug|Win32.ActiveCfg = Debug|Win32
		{62E3B213-3085-4591-88E9-1E820EDB26F1}.Debug|Win32.Build.0 = Debug|Win32
		{62E3B213-3085-4591-88E9-1E820EDB26F1}.Debug|Win32.Deploy.0 = Debug|Win32
		{62E3B213-3085-4591-88E9-1E820EDB26F1}.Debug|x64.ActiveCfg = Debug|x64
		{62E3B213-3085-4591-88E9-1E820EDB26F1}.Debug|x64.Build.0 = Debug|x64
		{62E3B213-3085-4591-88E9-1E820EDB26F1}.Debug|x64.Deploy.0 = Debug|x64
		{62E3B213-3085-4591-88E9-1E820EDB26F1}.Release|Win32.ActiveCfg = Release|Win32
		{62E3B213-3085-4591-88E9-1E820EDB26F1}.Release|Win32.Build.0 = Release|Win32
		{62E3B213-3085-4591-88E9-1E820EDB26F1}.Release|Win32.Deploy.0 = Release|Win32
		{62E3B213-3085-4591-88E9-1E820EDB26F1}.Release|x64.ActiveCfg = Release|x64
		{62E3B213-3085-4591-88E9-1E820EDB26F1}.Release|x64.Build.0 = Release|x64
		{62E3B213-3085-4591-88E9-1E820EDB26F1}.Release|x64.Deploy.0 = Release|x64
		{63DAA36B-C417-48E1-B6D4-FFCD92E7952F}.Debug|Win32.ActiveCfg = Debug|Win32
		{63DAA36B-C417-48E1-B6D4-FFCD92E7952F}.Debug|Win32.Build.0 = Debug|Win32
		{63DAA36B-C417-48E1-B6D4-FFCD92E7952F}.Debug|Win32.Deploy.0 = Debug|Win32
		{63DAA36B-C417-48E1-B6D4-FFCD92E7952F}.Debug|x64.ActiveCfg = Debug|x64
		{63DAA36B-C417-48E1-B6D4-FFCD92E7952F}.Debug|x64.Build.0 = Debug|x64
		{63DAA36B-C417-48E1-B6D4-FFCD92E7952F}.Debug|x64.Deploy.0 = Debug|x64
		{63DAA36B-C417-48E1-B6D4-FFCD92E7952F}.Release|Win32.ActiveCfg = Release|Win32
		{63DAA36B-C417-48E1-B6D4-FFCD92E7952F}.Release|Win32.Build.0 = Release|Win32
		{63DAA36B-C417-48E1-B6D4-FFCD92E7952F}.Release|Win32.Deploy.0 = Release|Win32
		{63DAA36B-C417-48E1-B6D4-FFCD92E7952F}.Release|x64.ActiveCfg = Release|x64
		{63DAA36B-C417-48E1-B6D4-FFCD92E7952F}.Release|x64.Build.0 = Release|x64
		{63DAA36B-C417-48E1-B6D4-FFCD92E7952F}.Release|x64.Deploy.0 = Release|x64
		{A789EB5D-B39A-4BEA-8AE7-B14FDF489A56}.Debug|Win32.ActiveCfg = Debug|Win32
		{A789EB5D-B39A-4BEA-8AE7-B14FDF489A56}.Debug|Win32.Build.0 = Debug|Win32
		{A789EB5D-B39A-4BEA-8AE7-B14FDF489A56}.Debug|Win32.Deploy.0 = Debug|Win32
		{A789EB5D-B39A-4BEA-8AE7-B14FDF489A56}.Debug|x64.ActiveCfg = Debug|x64
		{A789EB5D-B39A-4BEA-8AE7-B14FDF489A56}.Debug|x64.Build.0 = Debug|x64
		{A789EB5D-B39A-4BEA-8AE7-B14FDF489A56}.Debug|x64.Deploy.0 = Debug|x64
		{A789EB5D-B39A-4BEA-8AE7-B14FDF489A56}.Release|Win32.ActiveCfg = Release|Win32
		{A789EB5D-B39A-4BEA-8AE7-B14FDF489A56}.Release|Win32.Build.0 = Release|Win32
		{A789EB5D-B39A-4BEA-8AE7-B14FDF489A56}.Release|Win32.Deploy.0 = Release|Win32
		{A789EB5D-B39A-4BEA-8AE7-B14FDF489A56}.Release|x64.ActiveCfg = Release|x64
		{A789EB5D-B39A-4BEA-8AE7-B14FDF489A56}.Release|x64.Build.0 = Release|x64
		{A789EB5D-B39A-4BEA-8AE7-B14FDF489A56}.Release|x64.Deploy.0 = Release|x64
		{73CEDA08-1A51-472F-BC7C-F2A50FDB28C4}.Debug|Win32.ActiveCfg = Debug|Win32
		{73CEDA08-1A51-472F-BC7C-F2A50FDB28C4}.Debug|Win32.Build.0 = Debug|Win32
		{73CEDA08-1A51-472F-BC7C-F2A50FDB28C4}.Debug|Win32.Deploy.0 = Debug|Win32
		{73CEDA08-1A51-472F-BC7C-F2A50FDB28C4}.Debug|x64.ActiveCfg = Debug|x64
		{73CEDA08-1A51-472F-BC7C-F2A50FDB28C4}.Debug|x64.Build.0 = Debug|x64
		{73CEDA08-1A51-472F-BC7C-F2A50FDB28C4}.Debug|x64.Deploy.0 = Debug|x64
		{73CEDA08-1A51-472F-BC7C-F2A50FDB28C4}.Release|Win32.ActiveCfg = Release|Win32
		{73CEDA08-1A51-472F-BC7C-F2A50FDB28C4}.Release|Win32.Build.0 = Release|Win32
		{73CEDA08-1A51-472F-BC7C-F2A50FDB28C4}.Release|Win32.Deploy.0 = Release|Win32
		{73CEDA08-1A51-472F-BC7C-F2A50FDB28C4}.Release|x64.ActiveCfg = Release|x64
		{73CEDA08-1A51-472F-BC7C-F2A50FDB28C4}.Release|x64.Build.0 = Release|x64
		{73CEDA08-1A51-472F-BC7C-F2A50FDB28C4}.Release|x64.Deploy.0 = Release|x64
		{F4D3140B-26B1-404A-BDB5-216584D556C4}.Debug|Win32.ActiveCfg = Debug|Win32
		{F4D3140B-26B1-404A-BDB5-216584D556C4}.Debug|Win32.Build.0 = Debug|Win32
		{F4D3140B-26B1-404A-BDB5-216584D556C4}.Debug|Win32.Deploy.0 = Debug|Win32
		{F4D3140B-26B1-404A-BDB5-216584D556C4}.Debug|x64.ActiveCfg = Debug|x64
		{F4D3140B-26B1-404A-BDB5-216584D556C4}.Debug|x64.Build.0 = Debug|x64
		{F4D3140B-26B1-404A-BDB5-216584D556C4}.Debug|x64.Deploy.0 = Debug|x64
		{F4D3140B-26B1-404A-BDB5-216584D556C4}.Release|Win32.ActiveCfg = Release|Win32
		{F4D3140B-26B1-404A-BDB5-216584D556C4}.Release|Win32.Build.0 = Release|Win32
		{F4D3140B-26B1-404A-BDB5-216584D556C4}.Release|Win32.Deploy.0 = Release|Win32
		{F4D3140B-26B1-404A-BDB5-216584D556C4}.Release|x64.ActiveCfg = Release|x64
		{F4D3140B-26B1-404A-BDB5-216584D556C4}.Release|x64.Build.0 = Release|x64
		{F4D3140B-26B1-404A-BDB5-216584D556C4}.Release|x64.Deploy.0 = Release|x64
		{CEC1D287-A2DF-4AA6-B310-FDD3A8A8F238}.Debug|Win32.ActiveCfg = Debug|Win32
		{CEC1D287-A2DF-4AA6-B310-FDD3A8A8F238}.Debug|Win32.Build.0 = Debug|Win32
		{CEC1D287-A2DF-4AA6-B310-FDD3A8A8F238}.Debug|Win32.Deploy.0 = Debug|Win32
		{CEC1D287-A2DF-4AA6-B310-FDD3A8A8F238}.Debug|x64.ActiveCfg = Debug|x64
		{CEC1D287-A2DF-4AA6-B310-FDD3A8A8F238}.Debug|x64.Build.0 = Debug|x64
		{CEC1D287-A2DF-4AA6-B310-FDD3A8A8F238}.Debug|x64.Deploy.0 = Debug|x64
		{CEC1D287-A2DF-4AA6-B310-FDD3A8A8F238}.Release|Win32.ActiveCfg = Release|Win32
		{CEC1D287-A2DF-4AA6-B310-FDD3A8A8F238}.Release|Win32.Build.0 = Release|Win32
		{CEC1D287-A2DF-4AA6-B310-FDD3A8A8F238}.Release|Win32.Deploy.0 = Release|Win32
		{CEC1D287-A2DF-4AA6-B310-FDD3A8A8F238}.Release|x64.ActiveCfg = Release|x64
		{CEC1D287-A2DF-4AA6-B310-FDD3A8A8F238}.Release|x64.Build.0 = Release|x64
		{CEC1D287-A2DF-4AA6-B310-FDD3A8A8F238}.Release|x64.Deploy.0 = Release|x64
		{558F2DCD-9E1C-429F-A73C-34AA5ED32469}.Debug|Win32.ActiveCfg = Debug|Win32
		{558F2DCD-9E1C-429F-A73C-34AA5ED32469}.Debug|Win32.Build.0 = Debug|Win32
		{558F2DCD-9E1C-429F-A73C-34AA5ED32469}.Debug|Win32.Deploy.0 = Debug|Win32
		{558F2DCD-9E1C-429F-A73C-34AA5ED32469}.Debug|x64.ActiveCfg = Debug|x64
		{558F2DCD-9E1C-429F-A73C-34AA5ED32469}.Debug|x64.Build.0 = Debug|x64
		{558F2DCD-9E1C-429F-A73C-34AA5ED32469}.Debug|x64.Deploy.0 = Debug|x64
		{558F2DCD-9E1C-429F-A73C-34AA5ED32469}.Release|Win32.ActiveCfg = Release|Win32
		{558F2DCD-9E1C-429F-A73C-34AA5ED32469}.Release|Win32.Build.0 = Release|Win32
		{558F2DCD-9E1C-429F-A73C-34AA5ED32469}.Release|Win32.Deploy.0 = Release|Win32
		{558F2DCD-9E1C-429F-A73C-34AA5ED32469}.Release|x64.ActiveCfg = Release|x64
		{558F2DCD-9E1C-429F-A73C-34AA5ED32469}.Release|x64.Build.0 = Release|x64
		{558F2DCD-9E1C-429F-A73C-34AA5ED32469}.Release|x64.Deploy.0 = Release|x64
		{2769A50A-4A06-42AA-AF2F-58C036E57D89}.Debug|Win32.ActiveCfg = Debug|Win32
		{2769A50A-4A06-42AA-AF2F-58C036E57D89}.Debug|Win32.Build.0 = Debug|Win32
		{2769A50A-4A06-42AA-AF2F-58C036E57D89}.Debug|Win32.Deploy.0 = Debug|Win32
		{2769A50A-4A06-42AA-AF2F-58C036E57D89}.Debug|x64.ActiveCfg = Debug|x64
		{2769A50A-4A06-42AA-AF2F-58C036E57D89}.Debug|x64.Build.0 = Debug|x64
		{2769A50A-4A06-42AA-AF2F-58C036E57D89}.Debug|x64.Deploy.0 = Debug|x64
		{2769A50A-4A06-42AA-AF2F-58C036E57D89}.Release|Win32.ActiveCfg = Release|Win32
		{2769A50A-4A06-42AA-AF2F-58C036E57D89}.Release|Win32.Build.0 = Release|Win32
		{2769A50A-4A06-42AA-AF2F-58C036E57D89}.Release|Win32.Deploy.0 = Release|Win32
		{2769A50A-4A06-42AA-AF2F-58C036E57D89}.Release|x64.ActiveCfg = Release|x64
		{2769A50A-4A06-42AA-AF2F-58C036E57D89}.Release|x64.Build.0 = Release|x64
		{2769A50A-4A06-42AA-AF2F-58C036E57D89}.Release|x64.Deploy.0 = Release|x64
		{E164B118-85C1-4B35-A478-0A73E5E9325E}.Debug|Win32.ActiveCfg = Debug|Win32
		{E164B118-85C1-4B35-A478-0A73E5E9325E}.Debug|Win32.Build.0 = Debug|Win32
		{E164B118-85C1-4B35-A478-0A73E5E9325E}.Debug|Win32.Deploy.0 = Debug|Win32
		{E164B118-85C1-4B35-A478-0A73E5E9325E}.Debug|x64.ActiveCfg = Debug|x64
		{E164B118-85C1-4B35-A478-0A73E5E9325E}.Debug|x64.Build.0 = Debug|x64
		{E164B118-85C1-4B35-A478-0A73E5E9325E}.Debug|x64.Deploy.0 = Debug|x64
		{E164B118-85C1-4B35-A478-0A73E5E9325E}.Release|Win32.ActiveCfg = Release|Win32
		{E164B118-85C1-4B35-A478-0A73E5E9325E}.Release|Win32.Build.0 = Release|Win32
		{E164B118-85C1-4B35-A478-0A73E5E9325E}.Release|Win32.Deploy.0 = Release|Win32
		{E164B118-85C1-4B35-A478-0A73E5E9325E}.Release|x64.ActiveCfg = Release|x64
		{E164B118-85C1-4B35-A478-0A73E5E9325E}.Release|x64.Build.0 = Release|x64
		{E164B118-85C1-4B35-A478-0A73E5E9325E}.Release|x64.Deploy.0 = Release|x64
		{AA094FCD-EDD3-4D1B-9238-E93808E02290}.Debug|Win32.ActiveCfg = Debug|Win32
		{AA094FCD-EDD3-4D1B-9238-E93808E02290}.Debug|Win32.Build.0 = Debug|Win32
		{AA094FCD-EDD3-4D1B-9238-E93808E02290}.Debug|Win32.Deploy.0 = Debug|Win32
		{AA094FCD-EDD3-4D1B-9238-E93808E02290}.Debug|x64.ActiveCfg = Debug|x64
		{AA094FCD-EDD3-4D1B-9238-E93808E02290}.Debug|x64.Build.0 = Debug|x64
		{AA094FCD-EDD3-4D1B-9238-E93808E02290}.Debug|x64.Deploy.0 = Debug|x64
		{AA094FCD-EDD3-4D1B-9238-E93808E02290}.Release|Win32.ActiveCfg = Release|Win32
		{AA094FCD-EDD3-4D1B-9238-E93808E02290}.Release|Win32.Build.0 = Release|Win32
		{AA094FCD-EDD3-4D1B-9238-E93808E02290}.Release|Win32.Deploy.0 = Release|Win32
		{AA094FCD-EDD3-4D1B-9238-E93808E02290}.Release|x64.ActiveCfg = Release|x64
		{AA094FCD-EDD3-4D1B-9238-E93808E02290}.Release|x64.Build.0 = Release|x64
		{AA094FCD-EDD3-4D1B-9238-E93808E02290}.Release|x64.Deploy.0 = Release|x64
		{2D210AE3-E3B5-4FA8-ACC2-90DB3C4E996C}.Debug|Win32.ActiveCfg = Debug|Win32
		{2D210AE3-E3B5-4FA8-ACC2-90DB3C4E996C}.Debug|Win32.Build.0 = Debug|Win32
		{2D210AE3-E3B5-4FA8-ACC2-90DB3C4E996C}.Debug|Win32.Deploy.0 = Debug|Win32
		{2D210AE3-E3B5-4FA8-ACC2-90DB3C4E996C}.Debug|x64.ActiveCfg = Debug|x64
		{2D210AE3-E3B5-4FA8-ACC2-90DB3C4E996C}.Debug|x64.Build.0 = Debug|x64
		{2D210AE3-E3B5-4FA8-ACC2-90DB3C4E996C}.Debug|x64.Deploy.0 = Debug|x64
		{2D210AE3-E3B5-4FA8-ACC2-90DB3C4E996C}.Release|Win32.ActiveCfg = Release|Win32
		{2D210AE3-E3B5-4FA8-ACC2-90DB3C4E996C}.Release|Win32.Build.0 = Release|Win32
		{2D210AE3-E3B5-4FA8-ACC2-90DB3C4E996C}.Release|Win32.Deploy.0 = Release|Win32
		{2D210AE3-E3B5-4FA8-ACC2-90DB3C4E996C}.Release|x64.ActiveCfg = Release|x64
		{2D210AE3-E3B5-4FA8-ACC2-90DB3C4E996C}.Release|x64.Build.0 = Release|x64
		{2D210AE3-E3B5-4FA8-ACC2-90DB3C4E996C}.Release|x64.Deploy.0 = Release|x64
		{949CFDF4-3922-4DD1-A326-A48C52E2B497}.Debug|Win32.ActiveCfg = Debug|Win32
		{949CFDF4-3922-4DD1-A326-A48C52E2B497}.Debug|Win32.Build.0 = Debug|Win32
		{949CFDF4-3922-4DD1-A326-A48C52E2B497}.Debug|Win32.Deploy.0 = Debug|Win32
		{949CFDF4-3922-4DD1-A326-A48C52E2B497}.Debug|x64.ActiveCfg = Debug|x64
		{949CFDF4-3922-4DD1-A326-A48C52E2B497}.Debug|x64.Build.0 = Debug|x64
		{949CFDF4-3922-4DD1-A326-A48C52E2B497}.Debug|x64.Deploy.0 = Debug|x64
		{949CFDF4-3922-4DD1-A326-A48C52E2B497}.Release|Win32.ActiveCfg = Release|Win32
		{949CFDF4-3922-4DD1-A326-A48C52E2B497}.Release|Win32.Build.0 = Release|Win32
		{949CFDF4-3922-4DD1-A326-A48C52E2B497}.Release|Win32.Deploy.0 = Release|Win32
		{949CFDF4-3922-4DD1-A326-A48C52E2B497}.Release|x64.ActiveCfg = Release|x64
		{949CFDF4-3922-4DD1-A326-A48C52E2B497}.Release|x64.Build.0 = Release|x64
		{949CFDF4-3922-4DD1-A326-A48C52E2B497}.Release|x64.Deploy.0 = Release|x64
		{96409674-667E-413E-B81E-17130686171B}.Debug|Win32.ActiveCfg = Debug|Win32
		{96409674-667E-413E-B81E-17130686171B}.Debug|Win32.Build.0 = Debug|Win32
		{96409674-667E-413E-B81E-17130686171B}.Debug|Win32.Deploy.0 = Debug|Win32
		{96409674-667E-413E-B81E-17130686171B}.Debug|x64.ActiveCfg = Debug|x64
		{96409674-667E-413E-B81E-17130686171B}.Debug|x64.Build.0 = Debug|x64
		{96409674-667E-413E-B81E-17130686171B}.Debug|x64.Deploy.0 = Debug|x64
		{96409674-667E-413E-B81E-17130686171B}.Release|Win32.ActiveCfg = Release|Win32
		{96409674-667E-413E-B81E-17130686171B}.Release|Win32.Build.0 = Release|Win32
		{96409674-667E-413E-B81E-17130686171B}.Release|Win32.Deploy.0 = Release|Win32
		{96409674-667E-413E-B81E-17130686171B}.Release|x64.ActiveCfg = Release|x64
		{96409674-667E-413E-B81E-17130686171B}.Release|x64.Build.0 = Release|x64
		{96409674-667E-413E-B81E-17130686171B}.Release|x64.Deploy.0 = Release|x64
		{261D92A2-F829-4D0A-AEC0-1F83DC15615E}.Debug|Win32.ActiveCfg = Debug|Win32
		{261D92A2-F829-4D0A-AEC0-1F83DC15615E}.Debug|Win32.Build.0 = Debug|Win32
		{261D92A2-F829-4D0A-AEC0-1F83DC15615E}.Debug|Win32.Deploy.0 = Debug|Win32
		{261D92A2-F829-4D0A-AEC0-1F83DC15615E}.Debug|x64.ActiveCfg = Debug|x64
		{261D92A2-F829-4D0A-AEC0-1F83DC15615E}.Debug|x64.Build.0 = Debug|x64
		{261D92A2-F829-4D0A-AEC0-1F83DC15615E}.Debug|x64.Deploy.0 = Debug|x64
		{261D92A2-F829-4D0A-AEC0-1F83DC15615E}.Release|Win32.ActiveCfg = Release|Win32
		{261D92A2-F829-4D0A-AEC0-1F83DC15615E}.Release|Win32.Build.0 = Release|Win32
		{261D92A2-F829-4D0A-AEC0-1F83DC15615E}.Release|Win32.Deploy.0 = Release|Win32
		{261D92A2-F829-4D0A-AEC0-1F83DC15615E}.Release|x64.ActiveCfg = Release|x64
		{261D92A2-F829-4D0A-AEC0-1F83DC15615E}.Release|x64.Build.0 = Release|x64
		{261D92A2-F829-4D0A-AEC0-1F83DC15615E}.Release|x64.Deploy.0 = Release|x64
		{72836BA1-ACC3-485F-9084-34284ED8730E}.Debug|Win32.ActiveCfg = Debug|Win32
		{72836BA1-ACC3-485F-9084-34284ED8730E}.Debug|Win32.Build.0 = Debug|Win32
		{72836BA1-ACC3-485F-9084-34284ED8730E}.Debug|Win32.Deploy.0 = Debug|Win32
		{72836BA1-ACC3-485F-9084-34284ED8730E}.Debug|x64.ActiveCfg = Debug|x64
		{72836BA1-ACC3-485F-9084-34284ED8730E}.Debug|x64.Build.0 = Debug|x64
		{72836BA1-ACC3-485F-9084-34284ED8730E}.Debug|x64.Deploy.0 = Debug|x64
		{72836BA1-ACC3-485F-9084-34284ED8730E}.Release|Win32.ActiveCfg = Release|Win32
		{72836BA1-ACC3-485F-9084-34284ED8730E}.Release|Win32.Build.0 = Release|Win32
		{72836BA1-ACC3-485F-9084-34284ED8730E}.Release|Win32.Deploy.0 = Release|Win32
		{72836BA1-ACC3-485F-9084-34284ED8730E}.Release|x64.ActiveCfg = Release|x64
		{72836BA1-ACC3-485F-9084-34284ED8730E}.Release|x64.Build.0 = Release|x64
		{72836BA1-ACC3-485F-9084-34284ED8730E}.Release|x64.Deploy.0 = Release|x64
		{F8F054B6-62C8-4327-B0C8-6045FC787318}.Debug|Win32.ActiveCfg = Debug|Win32
		{F8F054B6-62C8-4327-B0C8-6045FC787318}.Debug|Win32.Build.0 = Debug|Win32
		{F8F054B6-62C8-4327-B0C8-6045FC787318}.Debug|Win32.Deploy.0 = Debug|Win32
		{F8F054B6-62C8-4327-B0C8-6045FC787318}.Debug|x64.ActiveCfg = Debug|x64
		{F8F054B6-62C8-4327-B0C8-6045FC787318}.Debug|x64.Build.0 = Debug|x64
		{F8F054B6-62C8-4327-B0C8-6045FC787318}.Debug|x64.Deploy.0 = Debug|x64
		{F8F054B6-62C8-4327-B0C8-6045FC787318}.Release|Win32.ActiveCfg = Release|Win32
		{F8F054B6-62C8-4327-B0C8-6045FC787318}.Release|Win32.Build.0 = Release|Win32
		{F8F054B6-62C8-4327-B0C8-6045FC787318}.Release|Win32.Deploy.0 = Release|Win32
		{F8F054B6-62C8-4327-B0C8-6045FC787318}.Release|x64.ActiveCfg = Release|x64
		{F8F054B6-62C8-4327-B0C8-6045FC787318}.Release|x64.Build.0 = Release|x64
		{F8F054B6-62C8-4327-B0C8-6045FC787318}.Release|x64.Deploy.0 = Release|x64
	EndGlobalSection
	GlobalSection(SolutionProperties) = preSolution
		HideSolutionNode = FALSE
	EndGlobalSection
EndGlobal
